
Microsoft Visual Studio Solution File, Format Version 12.00
# Visual Studio 15
VisualStudioVersion = 15.0.28307.421
MinimumVisualStudioVersion = 10.0.40219.1
Project("{9A19103F-16F7-4668-BE54-9A1E7A4F7556}") = "GraphQLServer", "GraphQLServer.csproj", "{4578A3E6-65EA-4EC5-A1C4-0923472E8ADA}"
EndProject
Global
	GlobalSection(SolutionConfigurationPlatforms) = preSolution
		Debug|Any CPU = Debug|Any CPU
		Release|Any CPU = Release|Any CPU
	EndGlobalSection
	GlobalSection(ProjectConfigurationPlatforms) = postSolution
		{4578A3E6-65EA-4EC5-A1C4-0923472E8ADA}.Debug|Any CPU.ActiveCfg = Debug|Any CPU
		{4578A3E6-65EA-4EC5-A1C4-0923472E8ADA}.Debug|Any CPU.Build.0 = Debug|Any CPU
		{4578A3E6-65EA-4EC5-A1C4-0923472E8ADA}.Release|Any CPU.ActiveCfg = Release|Any CPU
		{4578A3E6-65EA-4EC5-A1C4-0923472E8ADA}.Release|Any CPU.Build.0 = Release|Any CPU
	EndGlobalSection
	GlobalSection(SolutionProperties) = preSolution
		HideSolutionNode = FALSE
	EndGlobalSection
	GlobalSection(ExtensibilityGlobals) = postSolution
		SolutionGuid = {131B93FF-40C5-45D4-9E6A-DA0867A5A755}
	EndGlobalSection
EndGlobal
